{
  "name": "ai-arena-map",
  "version": "1.0.0",
  "lockfileVersion": 2,
  "requires": true,
  "packages": {
    "": {
      "name": "ai-arena-map",
      "version": "1.0.0",
      "license": "MIT",
      "dependencies": {
        "ai-arena-map": "^1.0.0",
        "three": "^0.149.0",
        "three-js": "^79.0.0"
      },
      "devDependencies": {
        "@types/three": "^0.149.0"
      }
    },
    "node_modules/@types/three": {
      "version": "0.149.0",
      "resolved": "https://registry.npmjs.org/@types/three/-/three-0.149.0.tgz",
      "integrity": "sha512-fgNBm9LWc65ER/W0cvoXdC0iMy7Ke9e2CONmEr6Jt8sDSY3sw4DgOubZfmdZ747dkPhbQrgRQAWwDEr2S/7IEg==",
      "dev": true,
      "dependencies": {
        "@types/webxr": "*"
      }
    },
    "node_modules/@types/webxr": {
      "version": "0.5.1",
      "resolved": "https://registry.npmjs.org/@types/webxr/-/webxr-0.5.1.tgz",
      "integrity": "sha512-xlFXPfgJR5vIuDefhaHuUM9uUgvPaXB6GKdXy2gdEh8gBWQZ2ul24AJz3foUd8NNKlSTQuWYJpCb1/pL81m1KQ==",
      "dev": true
    },
    "node_modules/ai-arena-map": {
      "version": "1.0.0",
      "resolved": "https://registry.npmjs.org/ai-arena-map/-/ai-arena-map-1.0.0.tgz",
      "integrity": "sha512-iRQqPm1xWPNe5Hg1RyL6ceYqpB4q+ZnE14Uku3NiAodHcr95pPoIaa/gquiLe5NQAxlvLRyEJpzxxrFj85tRyA==",
      "dependencies": {
        "three": "^0.149.0"
      }
    },
    "node_modules/three": {
      "version": "0.149.0",
      "resolved": "https://registry.npmjs.org/three/-/three-0.149.0.tgz",
      "integrity": "sha512-tohpUxPDht0qExRLDTM8sjRLc5d9STURNrdnK3w9A+V4pxaTBfKWWT/IqtiLfg23Vfc3Z+ImNfvRw1/0CtxrkQ=="
    },
    "node_modules/three-js": {
      "version": "79.0.0",
      "resolved": "https://registry.npmjs.org/three-js/-/three-js-79.0.0.tgz",
      "integrity": "sha512-/jBULzQlazCXEh1OXFRg9gTcKcPvYYGkEC7ebCJGf4zBS3uHTO7KH3hKFtgYrT0m8jizce5Ews/2jkkmt5xBmw==",
      "deprecated": "Package no longer supported. Contact Support at https://www.npmjs.com/support for more info."
    }
  },
  "dependencies": {
    "@types/three": {
      "version": "0.149.0",
      "resolved": "https://registry.npmjs.org/@types/three/-/three-0.149.0.tgz",
      "integrity": "sha512-fgNBm9LWc65ER/W0cvoXdC0iMy7Ke9e2CONmEr6Jt8sDSY3sw4DgOubZfmdZ747dkPhbQrgRQAWwDEr2S/7IEg==",
      "dev": true,
      "requires": {
        "@types/webxr": "*"
      }
    },
    "@types/webxr": {
      "version": "0.5.1",
      "resolved": "https://registry.npmjs.org/@types/webxr/-/webxr-0.5.1.tgz",
      "integrity": "sha512-xlFXPfgJR5vIuDefhaHuUM9uUgvPaXB6GKdXy2gdEh8gBWQZ2ul24AJz3foUd8NNKlSTQuWYJpCb1/pL81m1KQ==",
      "dev": true
    },
    "ai-arena-map": {
      "version": "1.0.0",
      "resolved": "https://registry.npmjs.org/ai-arena-map/-/ai-arena-map-1.0.0.tgz",
      "integrity": "sha512-iRQqPm1xWPNe5Hg1RyL6ceYqpB4q+ZnE14Uku3NiAodHcr95pPoIaa/gquiLe5NQAxlvLRyEJpzxxrFj85tRyA==",
      "requires": {
        "three": "^0.149.0"
      }
    },
    "three": {
      "version": "0.149.0",
      "resolved": "https://registry.npmjs.org/three/-/three-0.149.0.tgz",
      "integrity": "sha512-tohpUxPDht0qExRLDTM8sjRLc5d9STURNrdnK3w9A+V4pxaTBfKWWT/IqtiLfg23Vfc3Z+ImNfvRw1/0CtxrkQ=="
    },
    "three-js": {
      "version": "79.0.0",
      "resolved": "https://registry.npmjs.org/three-js/-/three-js-79.0.0.tgz",
      "integrity": "sha512-/jBULzQlazCXEh1OXFRg9gTcKcPvYYGkEC7ebCJGf4zBS3uHTO7KH3hKFtgYrT0m8jizce5Ews/2jkkmt5xBmw=="
    }
  }
}
